{
  "lockfile_version": "1",
  "packages": {
    "awscli": {
      "resolved": "github:NixOS/nixpkgs/75a52265bda7fd25e06e3a67dee3f0354e73243c#awscli",
      "source": "nixpkg"
    },
    "direnv@latest": {
      "last_modified": "2024-12-23T21:10:33Z",
      "resolved": "github:NixOS/nixpkgs/de1864217bfa9b5845f465e771e0ecb48b30e02d#direnv",
      "source": "devbox-search",
      "version": "2.35.0",
      "systems": {
        "aarch64-darwin": {
          "outputs": [
            {
              "name": "out",
              "path": "/nix/store/xp28bzq6qi11db7pqgfx3rc139q45489-direnv-2.35.0",
              "default": true
            }
          ],
          "store_path": "/nix/store/xp28bzq6qi11db7pqgfx3rc139q45489-direnv-2.35.0"
        },
        "aarch64-linux": {
          "outputs": [
            {
              "name": "out",
              "path": "/nix/store/55vva1q4lhw2m62vvzzm2z26wfkpb430-direnv-2.35.0",
              "default": true
            }
          ],
          "store_path": "/nix/store/55vva1q4lhw2m62vvzzm2z26wfkpb430-direnv-2.35.0"
        },
        "x86_64-darwin": {
          "outputs": [
            {
              "name": "out",
              "path": "/nix/store/gza242ir81wafi79cfxk619n36rxqqmk-direnv-2.35.0",
              "default": true
            }
          ],
          "store_path": "/nix/store/gza242ir81wafi79cfxk619n36rxqqmk-direnv-2.35.0"
        },
        "x86_64-linux": {
          "outputs": [
            {
              "name": "out",
              "path": "/nix/store/jw2ax71m8dzgs8xybginlsyw79ndyww1-direnv-2.35.0",
              "default": true
            }
          ],
          "store_path": "/nix/store/jw2ax71m8dzgs8xybginlsyw79ndyww1-direnv-2.35.0"
        }
      }
    },
    "docker": {
      "resolved": "github:NixOS/nixpkgs/75a52265bda7fd25e06e3a67dee3f0354e73243c#docker",
      "source": "nixpkg"
    },
    "git": {
      "resolved": "github:NixOS/nixpkgs/75a52265bda7fd25e06e3a67dee3f0354e73243c#git",
      "source": "nixpkg"
    },
    "go": {
      "resolved": "github:NixOS/nixpkgs/75a52265bda7fd25e06e3a67dee3f0354e73243c#go",
      "source": "nixpkg"
    },
    "helm": {
      "resolved": "github:NixOS/nixpkgs/75a52265bda7fd25e06e3a67dee3f0354e73243c#helm",
      "source": "nixpkg"
    },
    "jq": {
      "resolved": "github:NixOS/nixpkgs/75a52265bda7fd25e06e3a67dee3f0354e73243c#jq",
      "source": "nixpkg"
    },
    "k9s": {
      "resolved": "github:NixOS/nixpkgs/75a52265bda7fd25e06e3a67dee3f0354e73243c#k9s",
      "source": "nixpkg"
    },
    "kind": {
      "resolved": "github:NixOS/nixpkgs/75a52265bda7fd25e06e3a67dee3f0354e73243c#kind",
      "source": "nixpkg"
    },
    "kubectl": {
      "resolved": "github:NixOS/nixpkgs/75a52265bda7fd25e06e3a67dee3f0354e73243c#kubectl",
      "source": "nixpkg"
    },
    "tilt": {
      "resolved": "github:NixOS/nixpkgs/75a52265bda7fd25e06e3a67dee3f0354e73243c#tilt",
      "source": "nixpkg"
    },
    "yq": {
      "resolved": "github:NixOS/nixpkgs/75a52265bda7fd25e06e3a67dee3f0354e73243c#yq",
      "source": "nixpkg"
    }
  }
}
